// !$*UTF8*$!
{
	archiveVersion = 1;
	classes = {
	};
	objectVersion = 56;
	objects = {

/* Begin PBXBuildFile section */
		A904B8722E89D77A0047C016 /* AddTaskView.swift in Sources */ = {isa = PBXBuildFile; fileRef = A904B86F2E89D77A0047C016 /* AddTaskView.swift */; };
		A904B8732E89D77A0047C016 /* AddTaskViewModel.swift in Sources */ = {isa = PBXBuildFile; fileRef = A904B8702E89D77A0047C016 /* AddTaskViewModel.swift */; };
		A904B8792E89D80E0047C016 /* ContentViewViewModel.swift in Sources */ = {isa = PBXBuildFile; fileRef = A904B8772E89D80E0047C016 /* ContentViewViewModel.swift */; };
		A904B87A2E89D80E0047C016 /* ContentView.swift in Sources */ = {isa = PBXBuildFile; fileRef = A904B8762E89D80E0047C016 /* ContentView.swift */; };
		A904B87C2E89D8380047C016 /* CalendarViewModel.swift in Sources */ = {isa = PBXBuildFile; fileRef = A904B87B2E89D8380047C016 /* CalendarViewModel.swift */; };
		A90ACDBC2E96D7DB00FF7C44 /* Fonts.swift in Sources */ = {isa = PBXBuildFile; fileRef = A90ACDBB2E96D7DB00FF7C44 /* Fonts.swift */; };
		A90ACDC42E96D81900FF7C44 /* AttachmentThumb.swift in Sources */ = {isa = PBXBuildFile; fileRef = A90ACDBE2E96D81900FF7C44 /* AttachmentThumb.swift */; };
		A90ACDC52E96D81900FF7C44 /* CircleButton.swift in Sources */ = {isa = PBXBuildFile; fileRef = A90ACDBF2E96D81900FF7C44 /* CircleButton.swift */; };
		A90ACDC62E96D81900FF7C44 /* CircleCheckmarkToggleStyle.swift in Sources */ = {isa = PBXBuildFile; fileRef = A90ACDC02E96D81900FF7C44 /* CircleCheckmarkToggleStyle.swift */; };
		A90ACDC72E96D81900FF7C44 /* GrowingTextEditor.swift in Sources */ = {isa = PBXBuildFile; fileRef = A90ACDC12E96D81900FF7C44 /* GrowingTextEditor.swift */; };
		A90ACDC82E96D81900FF7C44 /* PlaceholderTextField.swift in Sources */ = {isa = PBXBuildFile; fileRef = A90ACDC22E96D81900FF7C44 /* PlaceholderTextField.swift */; };
		A923135D2BFBDC0700528706 /* TaskManagerApp.swift in Sources */ = {isa = PBXBuildFile; fileRef = A923135C2BFBDC0700528706 /* TaskManagerApp.swift */; };
		A92313612BFBDC0900528706 /* Assets.xcassets in Resources */ = {isa = PBXBuildFile; fileRef = A92313602BFBDC0900528706 /* Assets.xcassets */; };
		A92313642BFBDC0900528706 /* Preview Assets.xcassets in Resources */ = {isa = PBXBuildFile; fileRef = A92313632BFBDC0900528706 /* Preview Assets.xcassets */; };
		A92313662BFBDC0900528706 /* Persistence.swift in Sources */ = {isa = PBXBuildFile; fileRef = A92313652BFBDC0900528706 /* Persistence.swift */; };
		A92313692BFBDC0900528706 /* TaskManager.xcdatamodeld in Sources */ = {isa = PBXBuildFile; fileRef = A92313672BFBDC0900528706 /* TaskManager.xcdatamodeld */; };
		A92313732BFBE20C00528706 /* TaskScreenView.swift in Sources */ = {isa = PBXBuildFile; fileRef = A92313722BFBE20C00528706 /* TaskScreenView.swift */; };
		A967DB132BFE929100AF9BE5 /* CustomTabBarViewModel.swift in Sources */ = {isa = PBXBuildFile; fileRef = A967DB122BFE929100AF9BE5 /* CustomTabBarViewModel.swift */; };
		A967DB152BFE92CB00AF9BE5 /* TabItemModel.swift in Sources */ = {isa = PBXBuildFile; fileRef = A967DB142BFE92CB00AF9BE5 /* TabItemModel.swift */; };
		A967DB172BFE934C00AF9BE5 /* CustomTabBar+Offset.swift in Sources */ = {isa = PBXBuildFile; fileRef = A967DB162BFE934C00AF9BE5 /* CustomTabBar+Offset.swift */; };
		A967DB182BFE94C900AF9BE5 /* CustomTabBar.swift in Sources */ = {isa = PBXBuildFile; fileRef = A967DB112BFE928500AF9BE5 /* CustomTabBar.swift */; };
		A967DB1A2BFE9F8C00AF9BE5 /* swiftgen.yml in Resources */ = {isa = PBXBuildFile; fileRef = A967DB192BFE9F8C00AF9BE5 /* swiftgen.yml */; };
		A967DB1C2BFEA00100AF9BE5 /* Colors.xcassets in Resources */ = {isa = PBXBuildFile; fileRef = A967DB1B2BFEA00100AF9BE5 /* Colors.xcassets */; };
		A967DB212BFEA21700AF9BE5 /* Colors.swift in Sources */ = {isa = PBXBuildFile; fileRef = A967DB202BFEA21700AF9BE5 /* Colors.swift */; };
		A967DB232BFEA2F000AF9BE5 /* CalendarView.swift in Sources */ = {isa = PBXBuildFile; fileRef = A967DB222BFEA2F000AF9BE5 /* CalendarView.swift */; };
		A982F8AF2E7A060900377F26 /* TaskFolderPopupView.swift in Sources */ = {isa = PBXBuildFile; fileRef = A982F8AE2E7A060900377F26 /* TaskFolderPopupView.swift */; };
		A982F8B02E7A060900377F26 /* TaskFolderPopupViewModel.swift in Sources */ = {isa = PBXBuildFile; fileRef = A982F8AD2E7A060900377F26 /* TaskFolderPopupViewModel.swift */; };
		A982F8B62E7A14B600377F26 /* LaunchScreen.storyboard in Resources */ = {isa = PBXBuildFile; fileRef = A982F8B52E7A14B600377F26 /* LaunchScreen.storyboard */; };
		A9969C992E8C549100E04998 /* DB+TaskItemManager.swift in Sources */ = {isa = PBXBuildFile; fileRef = A9969C982E8C549100E04998 /* DB+TaskItemManager.swift */; };
		A9969C9B2E8C54AE00E04998 /* DB+TaskFolderManager.swift in Sources */ = {isa = PBXBuildFile; fileRef = A9969C9A2E8C54AE00E04998 /* DB+TaskFolderManager.swift */; };
		A9BE46C52C00CC50003A586E /* CustomProgressView.swift in Sources */ = {isa = PBXBuildFile; fileRef = A9BE46C42C00CC50003A586E /* CustomProgressView.swift */; };
		A9BE46C92C00E031003A586E /* CustomProgressViewModel.swift in Sources */ = {isa = PBXBuildFile; fileRef = A9BE46C82C00E031003A586E /* CustomProgressViewModel.swift */; };
		A9BE46CB2C00E054003A586E /* DiagonalStripesShape.swift in Sources */ = {isa = PBXBuildFile; fileRef = A9BE46CA2C00E054003A586E /* DiagonalStripesShape.swift */; };
		A9BE46CD2C00E0EB003A586E /* CustomProgressView+Offset.swift in Sources */ = {isa = PBXBuildFile; fileRef = A9BE46CC2C00E0EB003A586E /* CustomProgressView+Offset.swift */; };
		A9BE46CF2C00E104003A586E /* TaskResultView.swift in Sources */ = {isa = PBXBuildFile; fileRef = A9BE46CE2C00E104003A586E /* TaskResultView.swift */; };
		A9BE46D22C00E16A003A586E /* TaskResultViewModel.swift in Sources */ = {isa = PBXBuildFile; fileRef = A9BE46D12C00E16A003A586E /* TaskResultViewModel.swift */; };
		A9BE46D42C00E194003A586E /* TaskItemView.swift in Sources */ = {isa = PBXBuildFile; fileRef = A9BE46D32C00E194003A586E /* TaskItemView.swift */; };
		A9BE46D72C00E831003A586E /* SideArrowView.swift in Sources */ = {isa = PBXBuildFile; fileRef = A9BE46D62C00E831003A586E /* SideArrowView.swift */; };
		A9BE46D92C00E844003A586E /* SideArrowViewModel.swift in Sources */ = {isa = PBXBuildFile; fileRef = A9BE46D82C00E844003A586E /* SideArrowViewModel.swift */; };
		A9C3EFFA2E8C4BD700D20289 /* DB.swift in Sources */ = {isa = PBXBuildFile; fileRef = A9C3EFF92E8C4BD700D20289 /* DB.swift */; };
		A9FF06EB2E8DC209004DB16C /* TaskScreenViewModel.swift in Sources */ = {isa = PBXBuildFile; fileRef = A9FF06EA2E8DC209004DB16C /* TaskScreenViewModel.swift */; };
/* End PBXBuildFile section */

/* Begin PBXFileReference section */
		A904B86F2E89D77A0047C016 /* AddTaskView.swift */ = {isa = PBXFileReference; lastKnownFileType = sourcecode.swift; path = AddTaskView.swift; sourceTree = "<group>"; };
		A904B8702E89D77A0047C016 /* AddTaskViewModel.swift */ = {isa = PBXFileReference; lastKnownFileType = sourcecode.swift; path = AddTaskViewModel.swift; sourceTree = "<group>"; };
		A904B8762E89D80E0047C016 /* ContentView.swift */ = {isa = PBXFileReference; lastKnownFileType = sourcecode.swift; path = ContentView.swift; sourceTree = "<group>"; };
		A904B8772E89D80E0047C016 /* ContentViewViewModel.swift */ = {isa = PBXFileReference; lastKnownFileType = sourcecode.swift; path = ContentViewViewModel.swift; sourceTree = "<group>"; };
		A904B87B2E89D8380047C016 /* CalendarViewModel.swift */ = {isa = PBXFileReference; lastKnownFileType = sourcecode.swift; path = CalendarViewModel.swift; sourceTree = "<group>"; };
		A90ACDBB2E96D7DB00FF7C44 /* Fonts.swift */ = {isa = PBXFileReference; lastKnownFileType = sourcecode.swift; path = Fonts.swift; sourceTree = "<group>"; };
		A90ACDBE2E96D81900FF7C44 /* AttachmentThumb.swift */ = {isa = PBXFileReference; lastKnownFileType = sourcecode.swift; path = AttachmentThumb.swift; sourceTree = "<group>"; };
		A90ACDBF2E96D81900FF7C44 /* CircleButton.swift */ = {isa = PBXFileReference; lastKnownFileType = sourcecode.swift; path = CircleButton.swift; sourceTree = "<group>"; };
		A90ACDC02E96D81900FF7C44 /* CircleCheckmarkToggleStyle.swift */ = {isa = PBXFileReference; lastKnownFileType = sourcecode.swift; path = CircleCheckmarkToggleStyle.swift; sourceTree = "<group>"; };
		A90ACDC12E96D81900FF7C44 /* GrowingTextEditor.swift */ = {isa = PBXFileReference; lastKnownFileType = sourcecode.swift; path = GrowingTextEditor.swift; sourceTree = "<group>"; };
		A90ACDC22E96D81900FF7C44 /* PlaceholderTextField.swift */ = {isa = PBXFileReference; lastKnownFileType = sourcecode.swift; path = PlaceholderTextField.swift; sourceTree = "<group>"; };
		A92313592BFBDC0700528706 /* TaskManager.app */ = {isa = PBXFileReference; explicitFileType = wrapper.application; includeInIndex = 0; path = TaskManager.app; sourceTree = BUILT_PRODUCTS_DIR; };
		A923135C2BFBDC0700528706 /* TaskManagerApp.swift */ = {isa = PBXFileReference; lastKnownFileType = sourcecode.swift; path = TaskManagerApp.swift; sourceTree = "<group>"; };
		A92313602BFBDC0900528706 /* Assets.xcassets */ = {isa = PBXFileReference; lastKnownFileType = folder.assetcatalog; path = Assets.xcassets; sourceTree = "<group>"; };
		A92313632BFBDC0900528706 /* Preview Assets.xcassets */ = {isa = PBXFileReference; lastKnownFileType = folder.assetcatalog; path = "Preview Assets.xcassets"; sourceTree = "<group>"; };
		A92313652BFBDC0900528706 /* Persistence.swift */ = {isa = PBXFileReference; lastKnownFileType = sourcecode.swift; path = Persistence.swift; sourceTree = "<group>"; };
		A92313682BFBDC0900528706 /* TaskManager.xcdatamodel */ = {isa = PBXFileReference; lastKnownFileType = wrapper.xcdatamodel; path = TaskManager.xcdatamodel; sourceTree = "<group>"; };
		A92313722BFBE20C00528706 /* TaskScreenView.swift */ = {isa = PBXFileReference; lastKnownFileType = sourcecode.swift; path = TaskScreenView.swift; sourceTree = "<group>"; };
		A967DB112BFE928500AF9BE5 /* CustomTabBar.swift */ = {isa = PBXFileReference; lastKnownFileType = sourcecode.swift; path = CustomTabBar.swift; sourceTree = "<group>"; };
		A967DB122BFE929100AF9BE5 /* CustomTabBarViewModel.swift */ = {isa = PBXFileReference; lastKnownFileType = sourcecode.swift; path = CustomTabBarViewModel.swift; sourceTree = "<group>"; };
		A967DB142BFE92CB00AF9BE5 /* TabItemModel.swift */ = {isa = PBXFileReference; lastKnownFileType = sourcecode.swift; path = TabItemModel.swift; sourceTree = "<group>"; };
		A967DB162BFE934C00AF9BE5 /* CustomTabBar+Offset.swift */ = {isa = PBXFileReference; lastKnownFileType = sourcecode.swift; path = "CustomTabBar+Offset.swift"; sourceTree = "<group>"; };
		A967DB192BFE9F8C00AF9BE5 /* swiftgen.yml */ = {isa = PBXFileReference; fileEncoding = 4; lastKnownFileType = text.yaml; path = swiftgen.yml; sourceTree = "<group>"; };
		A967DB1B2BFEA00100AF9BE5 /* Colors.xcassets */ = {isa = PBXFileReference; lastKnownFileType = folder.assetcatalog; path = Colors.xcassets; sourceTree = "<group>"; };
		A967DB202BFEA21700AF9BE5 /* Colors.swift */ = {isa = PBXFileReference; fileEncoding = 4; lastKnownFileType = sourcecode.swift; path = Colors.swift; sourceTree = "<group>"; };
		A967DB222BFEA2F000AF9BE5 /* CalendarView.swift */ = {isa = PBXFileReference; lastKnownFileType = sourcecode.swift; path = CalendarView.swift; sourceTree = "<group>"; };
		A982F8AD2E7A060900377F26 /* TaskFolderPopupViewModel.swift */ = {isa = PBXFileReference; lastKnownFileType = sourcecode.swift; path = TaskFolderPopupViewModel.swift; sourceTree = "<group>"; };
		A982F8AE2E7A060900377F26 /* TaskFolderPopupView.swift */ = {isa = PBXFileReference; lastKnownFileType = sourcecode.swift; path = TaskFolderPopupView.swift; sourceTree = "<group>"; };
		A982F8B52E7A14B600377F26 /* LaunchScreen.storyboard */ = {isa = PBXFileReference; lastKnownFileType = file.storyboard; path = LaunchScreen.storyboard; sourceTree = "<group>"; };
		A9969C982E8C549100E04998 /* DB+TaskItemManager.swift */ = {isa = PBXFileReference; lastKnownFileType = sourcecode.swift; path = "DB+TaskItemManager.swift"; sourceTree = "<group>"; };
		A9969C9A2E8C54AE00E04998 /* DB+TaskFolderManager.swift */ = {isa = PBXFileReference; lastKnownFileType = sourcecode.swift; path = "DB+TaskFolderManager.swift"; sourceTree = "<group>"; };
		A9BE46C42C00CC50003A586E /* CustomProgressView.swift */ = {isa = PBXFileReference; lastKnownFileType = sourcecode.swift; path = CustomProgressView.swift; sourceTree = "<group>"; };
		A9BE46C82C00E031003A586E /* CustomProgressViewModel.swift */ = {isa = PBXFileReference; lastKnownFileType = sourcecode.swift; path = CustomProgressViewModel.swift; sourceTree = "<group>"; };
		A9BE46CA2C00E054003A586E /* DiagonalStripesShape.swift */ = {isa = PBXFileReference; lastKnownFileType = sourcecode.swift; path = DiagonalStripesShape.swift; sourceTree = "<group>"; };
		A9BE46CC2C00E0EB003A586E /* CustomProgressView+Offset.swift */ = {isa = PBXFileReference; lastKnownFileType = sourcecode.swift; path = "CustomProgressView+Offset.swift"; sourceTree = "<group>"; };
		A9BE46CE2C00E104003A586E /* TaskResultView.swift */ = {isa = PBXFileReference; lastKnownFileType = sourcecode.swift; path = TaskResultView.swift; sourceTree = "<group>"; };
		A9BE46D12C00E16A003A586E /* TaskResultViewModel.swift */ = {isa = PBXFileReference; lastKnownFileType = sourcecode.swift; path = TaskResultViewModel.swift; sourceTree = "<group>"; };
		A9BE46D32C00E194003A586E /* TaskItemView.swift */ = {isa = PBXFileReference; lastKnownFileType = sourcecode.swift; path = TaskItemView.swift; sourceTree = "<group>"; };
		A9BE46D62C00E831003A586E /* SideArrowView.swift */ = {isa = PBXFileReference; lastKnownFileType = sourcecode.swift; path = SideArrowView.swift; sourceTree = "<group>"; };
		A9BE46D82C00E844003A586E /* SideArrowViewModel.swift */ = {isa = PBXFileReference; lastKnownFileType = sourcecode.swift; path = SideArrowViewModel.swift; sourceTree = "<group>"; };
		A9C3EFF92E8C4BD700D20289 /* DB.swift */ = {isa = PBXFileReference; lastKnownFileType = sourcecode.swift; path = DB.swift; sourceTree = "<group>"; };
		A9FF06EA2E8DC209004DB16C /* TaskScreenViewModel.swift */ = {isa = PBXFileReference; lastKnownFileType = sourcecode.swift; path = TaskScreenViewModel.swift; sourceTree = "<group>"; };
/* End PBXFileReference section */

/* Begin PBXFrameworksBuildPhase section */
		A92313562BFBDC0700528706 /* Frameworks */ = {
			isa = PBXFrameworksBuildPhase;
			buildActionMask = 2147483647;
			files = (
			);
			runOnlyForDeploymentPostprocessing = 0;
		};
/* End PBXFrameworksBuildPhase section */

/* Begin PBXGroup section */
		A904B8712E89D77A0047C016 /* AddTaskView */ = {
			isa = PBXGroup;
			children = (
				A90ACDC32E96D81900FF7C44 /* Views */,
				A90ACDBB2E96D7DB00FF7C44 /* Fonts.swift */,
				A904B86F2E89D77A0047C016 /* AddTaskView.swift */,
				A904B8702E89D77A0047C016 /* AddTaskViewModel.swift */,
			);
			path = AddTaskView;
			sourceTree = "<group>";
		};
		A904B8782E89D80E0047C016 /* ContentView */ = {
			isa = PBXGroup;
			children = (
				A904B8762E89D80E0047C016 /* ContentView.swift */,
				A904B8772E89D80E0047C016 /* ContentViewViewModel.swift */,
			);
			path = ContentView;
			sourceTree = "<group>";
		};
		A90ACDC32E96D81900FF7C44 /* Views */ = {
			isa = PBXGroup;
			children = (
				A90ACDBE2E96D81900FF7C44 /* AttachmentThumb.swift */,
				A90ACDBF2E96D81900FF7C44 /* CircleButton.swift */,
				A90ACDC02E96D81900FF7C44 /* CircleCheckmarkToggleStyle.swift */,
				A90ACDC12E96D81900FF7C44 /* GrowingTextEditor.swift */,
				A90ACDC22E96D81900FF7C44 /* PlaceholderTextField.swift */,
			);
			path = Views;
			sourceTree = "<group>";
		};
		A92313502BFBDC0700528706 = {
			isa = PBXGroup;
			children = (
				A923135B2BFBDC0700528706 /* TaskManager */,
				A923135A2BFBDC0700528706 /* Products */,
			);
			sourceTree = "<group>";
		};
		A923135A2BFBDC0700528706 /* Products */ = {
			isa = PBXGroup;
			children = (
				A92313592BFBDC0700528706 /* TaskManager.app */,
			);
			name = Products;
			sourceTree = "<group>";
		};
		A923135B2BFBDC0700528706 /* TaskManager */ = {
			isa = PBXGroup;
			children = (
				A9C3EFF82E8C4BC800D20289 /* DB */,
				A923136F2BFBE12000528706 /* SupportingFiles */,
				A9BE46C32C00C968003A586E /* CalendarView */,
				A967DB102BFE928500AF9BE5 /* CustomTabBar */,
				A982F8A82E7A05E000377F26 /* TaskFolderPopupView */,
				A904B8712E89D77A0047C016 /* AddTaskView */,
				A9BE46C72C00E021003A586E /* CustomProgressView */,
				A9BE46D02C00E10B003A586E /* TaskResultView */,
				A9BE46D52C00E198003A586E /* TaskItemView */,
				A9BE46DA2C00E853003A586E /* SideArrowView */,
				A9BE46C62C00E016003A586E /* TaskScreenView */,
				A904B8782E89D80E0047C016 /* ContentView */,
			);
			path = TaskManager;
			sourceTree = "<group>";
		};
		A92313622BFBDC0900528706 /* Preview Content */ = {
			isa = PBXGroup;
			children = (
				A92313632BFBDC0900528706 /* Preview Assets.xcassets */,
			);
			path = "Preview Content";
			sourceTree = "<group>";
		};
		A923136F2BFBE12000528706 /* SupportingFiles */ = {
			isa = PBXGroup;
			children = (
				A982F8B52E7A14B600377F26 /* LaunchScreen.storyboard */,
				A923135C2BFBDC0700528706 /* TaskManagerApp.swift */,
				A92313602BFBDC0900528706 /* Assets.xcassets */,
				A92313652BFBDC0900528706 /* Persistence.swift */,
				A967DB1D2BFEA07100AF9BE5 /* Assets */,
				A92313622BFBDC0900528706 /* Preview Content */,
			);
			path = SupportingFiles;
			sourceTree = "<group>";
		};
		A967DB102BFE928500AF9BE5 /* CustomTabBar */ = {
			isa = PBXGroup;
			children = (
				A967DB112BFE928500AF9BE5 /* CustomTabBar.swift */,
				A967DB162BFE934C00AF9BE5 /* CustomTabBar+Offset.swift */,
				A967DB122BFE929100AF9BE5 /* CustomTabBarViewModel.swift */,
				A967DB142BFE92CB00AF9BE5 /* TabItemModel.swift */,
			);
			path = CustomTabBar;
			sourceTree = "<group>";
		};
		A967DB1D2BFEA07100AF9BE5 /* Assets */ = {
			isa = PBXGroup;
			children = (
				A967DB202BFEA21700AF9BE5 /* Colors.swift */,
				A967DB192BFE9F8C00AF9BE5 /* swiftgen.yml */,
				A967DB1B2BFEA00100AF9BE5 /* Colors.xcassets */,
			);
			path = Assets;
			sourceTree = "<group>";
		};
		A982F8A82E7A05E000377F26 /* TaskFolderPopupView */ = {
			isa = PBXGroup;
			children = (
				A982F8AE2E7A060900377F26 /* TaskFolderPopupView.swift */,
				A982F8AD2E7A060900377F26 /* TaskFolderPopupViewModel.swift */,
			);
			path = TaskFolderPopupView;
			sourceTree = "<group>";
		};
		A9BE46C32C00C968003A586E /* CalendarView */ = {
			isa = PBXGroup;
			children = (
				A904B87B2E89D8380047C016 /* CalendarViewModel.swift */,
				A967DB222BFEA2F000AF9BE5 /* CalendarView.swift */,
			);
			path = CalendarView;
			sourceTree = "<group>";
		};
		A9BE46C62C00E016003A586E /* TaskScreenView */ = {
			isa = PBXGroup;
			children = (
				A92313722BFBE20C00528706 /* TaskScreenView.swift */,
				A9FF06EA2E8DC209004DB16C /* TaskScreenViewModel.swift */,
			);
			path = TaskScreenView;
			sourceTree = "<group>";
		};
		A9BE46C72C00E021003A586E /* CustomProgressView */ = {
			isa = PBXGroup;
			children = (
				A9BE46C42C00CC50003A586E /* CustomProgressView.swift */,
				A9BE46CC2C00E0EB003A586E /* CustomProgressView+Offset.swift */,
				A9BE46CA2C00E054003A586E /* DiagonalStripesShape.swift */,
				A9BE46C82C00E031003A586E /* CustomProgressViewModel.swift */,
			);
			path = CustomProgressView;
			sourceTree = "<group>";
		};
		A9BE46D02C00E10B003A586E /* TaskResultView */ = {
			isa = PBXGroup;
			children = (
				A9BE46CE2C00E104003A586E /* TaskResultView.swift */,
				A9BE46D12C00E16A003A586E /* TaskResultViewModel.swift */,
			);
			path = TaskResultView;
			sourceTree = "<group>";
		};
		A9BE46D52C00E198003A586E /* TaskItemView */ = {
			isa = PBXGroup;
			children = (
				A9BE46D32C00E194003A586E /* TaskItemView.swift */,
			);
			name = TaskItemView;
			sourceTree = "<group>";
		};
		A9BE46DA2C00E853003A586E /* SideArrowView */ = {
			isa = PBXGroup;
			children = (
				A9BE46D62C00E831003A586E /* SideArrowView.swift */,
				A9BE46D82C00E844003A586E /* SideArrowViewModel.swift */,
			);
			path = SideArrowView;
			sourceTree = "<group>";
		};
		A9C3EFF82E8C4BC800D20289 /* DB */ = {
			isa = PBXGroup;
			children = (
				A92313672BFBDC0900528706 /* TaskManager.xcdatamodeld */,
				A9C3EFF92E8C4BD700D20289 /* DB.swift */,
				A9969C982E8C549100E04998 /* DB+TaskItemManager.swift */,
				A9969C9A2E8C54AE00E04998 /* DB+TaskFolderManager.swift */,
			);
			path = DB;
			sourceTree = "<group>";
		};
/* End PBXGroup section */

/* Begin PBXNativeTarget section */
		A92313582BFBDC0700528706 /* TaskManager */ = {
			isa = PBXNativeTarget;
			buildConfigurationList = A923136C2BFBDC0900528706 /* Build configuration list for PBXNativeTarget "TaskManager" */;
			buildPhases = (
				A92313552BFBDC0700528706 /* Sources */,
				A92313562BFBDC0700528706 /* Frameworks */,
				A92313572BFBDC0700528706 /* Resources */,
			);
			buildRules = (
			);
			dependencies = (
			);
			name = TaskManager;
			productName = TaskManager;
			productReference = A92313592BFBDC0700528706 /* TaskManager.app */;
			productType = "com.apple.product-type.application";
		};
/* End PBXNativeTarget section */

/* Begin PBXProject section */
		A92313512BFBDC0700528706 /* Project object */ = {
			isa = PBXProject;
			attributes = {
				BuildIndependentTargetsInParallel = 1;
				LastSwiftUpdateCheck = 1510;
				LastUpgradeCheck = 1510;
				TargetAttributes = {
					A92313582BFBDC0700528706 = {
						CreatedOnToolsVersion = 15.1;
					};
				};
			};
			buildConfigurationList = A92313542BFBDC0700528706 /* Build configuration list for PBXProject "TaskManager" */;
			compatibilityVersion = "Xcode 14.0";
			developmentRegion = en;
			hasScannedForEncodings = 0;
			knownRegions = (
				en,
				Base,
			);
			mainGroup = A92313502BFBDC0700528706;
			productRefGroup = A923135A2BFBDC0700528706 /* Products */;
			projectDirPath = "";
			projectRoot = "";
			targets = (
				A92313582BFBDC0700528706 /* TaskManager */,
			);
		};
/* End PBXProject section */

/* Begin PBXResourcesBuildPhase section */
		A92313572BFBDC0700528706 /* Resources */ = {
			isa = PBXResourcesBuildPhase;
			buildActionMask = 2147483647;
			files = (
				A92313642BFBDC0900528706 /* Preview Assets.xcassets in Resources */,
				A967DB1C2BFEA00100AF9BE5 /* Colors.xcassets in Resources */,
				A92313612BFBDC0900528706 /* Assets.xcassets in Resources */,
				A982F8B62E7A14B600377F26 /* LaunchScreen.storyboard in Resources */,
				A967DB1A2BFE9F8C00AF9BE5 /* swiftgen.yml in Resources */,
			);
			runOnlyForDeploymentPostprocessing = 0;
		};
/* End PBXResourcesBuildPhase section */

/* Begin PBXSourcesBuildPhase section */
		A92313552BFBDC0700528706 /* Sources */ = {
			isa = PBXSourcesBuildPhase;
			buildActionMask = 2147483647;
			files = (
				A904B8722E89D77A0047C016 /* AddTaskView.swift in Sources */,
				A904B8732E89D77A0047C016 /* AddTaskViewModel.swift in Sources */,
				A90ACDC42E96D81900FF7C44 /* AttachmentThumb.swift in Sources */,
				A90ACDC52E96D81900FF7C44 /* CircleButton.swift in Sources */,
				A90ACDC62E96D81900FF7C44 /* CircleCheckmarkToggleStyle.swift in Sources */,
				A90ACDC72E96D81900FF7C44 /* GrowingTextEditor.swift in Sources */,
				A90ACDC82E96D81900FF7C44 /* PlaceholderTextField.swift in Sources */,
				A92313662BFBDC0900528706 /* Persistence.swift in Sources */,
				A967DB212BFEA21700AF9BE5 /* Colors.swift in Sources */,
				A9BE46CB2C00E054003A586E /* DiagonalStripesShape.swift in Sources */,
				A9BE46CD2C00E0EB003A586E /* CustomProgressView+Offset.swift in Sources */,
				A982F8AF2E7A060900377F26 /* TaskFolderPopupView.swift in Sources */,
				A982F8B02E7A060900377F26 /* TaskFolderPopupViewModel.swift in Sources */,
				A967DB182BFE94C900AF9BE5 /* CustomTabBar.swift in Sources */,
				A967DB172BFE934C00AF9BE5 /* CustomTabBar+Offset.swift in Sources */,
				A967DB232BFEA2F000AF9BE5 /* CalendarView.swift in Sources */,
				A967DB152BFE92CB00AF9BE5 /* TabItemModel.swift in Sources */,
				A9BE46D72C00E831003A586E /* SideArrowView.swift in Sources */,
				A9BE46D42C00E194003A586E /* TaskItemView.swift in Sources */,
				A90ACDBC2E96D7DB00FF7C44 /* Fonts.swift in Sources */,
				A9BE46CF2C00E104003A586E /* TaskResultView.swift in Sources */,
				A9FF06EB2E8DC209004DB16C /* TaskScreenViewModel.swift in Sources */,
				A967DB132BFE929100AF9BE5 /* CustomTabBarViewModel.swift in Sources */,
				A9969C992E8C549100E04998 /* DB+TaskItemManager.swift in Sources */,
				A92313732BFBE20C00528706 /* TaskScreenView.swift in Sources */,
				A9BE46D22C00E16A003A586E /* TaskResultViewModel.swift in Sources */,
				A9BE46C92C00E031003A586E /* CustomProgressViewModel.swift in Sources */,
				A9BE46C52C00CC50003A586E /* CustomProgressView.swift in Sources */,
				A904B87C2E89D8380047C016 /* CalendarViewModel.swift in Sources */,
				A9BE46D92C00E844003A586E /* SideArrowViewModel.swift in Sources */,
				A9969C9B2E8C54AE00E04998 /* DB+TaskFolderManager.swift in Sources */,
				A92313692BFBDC0900528706 /* TaskManager.xcdatamodeld in Sources */,
				A923135D2BFBDC0700528706 /* TaskManagerApp.swift in Sources */,
				A904B8792E89D80E0047C016 /* ContentViewViewModel.swift in Sources */,
				A904B87A2E89D80E0047C016 /* ContentView.swift in Sources */,
				A9C3EFFA2E8C4BD700D20289 /* DB.swift in Sources */,
			);
			runOnlyForDeploymentPostprocessing = 0;
		};
/* End PBXSourcesBuildPhase section */

/* Begin XCBuildConfiguration section */
		A923136A2BFBDC0900528706 /* Debug */ = {
			isa = XCBuildConfiguration;
			buildSettings = {
				ALWAYS_SEARCH_USER_PATHS = NO;
				ASSETCATALOG_COMPILER_GENERATE_SWIFT_ASSET_SYMBOL_EXTENSIONS = YES;
				CLANG_ANALYZER_NONNULL = YES;
				CLANG_ANALYZER_NUMBER_OBJECT_CONVERSION = YES_AGGRESSIVE;
				CLANG_CXX_LANGUAGE_STANDARD = "gnu++20";
				CLANG_ENABLE_MODULES = YES;
				CLANG_ENABLE_OBJC_ARC = YES;
				CLANG_ENABLE_OBJC_WEAK = YES;
				CLANG_WARN_BLOCK_CAPTURE_AUTORELEASING = YES;
				CLANG_WARN_BOOL_CONVERSION = YES;
				CLANG_WARN_COMMA = YES;
				CLANG_WARN_CONSTANT_CONVERSION = YES;
				CLANG_WARN_DEPRECATED_OBJC_IMPLEMENTATIONS = YES;
				CLANG_WARN_DIRECT_OBJC_ISA_USAGE = YES_ERROR;
				CLANG_WARN_DOCUMENTATION_COMMENTS = YES;
				CLANG_WARN_EMPTY_BODY = YES;
				CLANG_WARN_ENUM_CONVERSION = YES;
				CLANG_WARN_INFINITE_RECURSION = YES;
				CLANG_WARN_INT_CONVERSION = YES;
				CLANG_WARN_NON_LITERAL_NULL_CONVERSION = YES;
				CLANG_WARN_OBJC_IMPLICIT_RETAIN_SELF = YES;
				CLANG_WARN_OBJC_LITERAL_CONVERSION = YES;
				CLANG_WARN_OBJC_ROOT_CLASS = YES_ERROR;
				CLANG_WARN_QUOTED_INCLUDE_IN_FRAMEWORK_HEADER = YES;
				CLANG_WARN_RANGE_LOOP_ANALYSIS = YES;
				CLANG_WARN_STRICT_PROTOTYPES = YES;
				CLANG_WARN_SUSPICIOUS_MOVE = YES;
				CLANG_WARN_UNGUARDED_AVAILABILITY = YES_AGGRESSIVE;
				CLANG_WARN_UNREACHABLE_CODE = YES;
				CLANG_WARN__DUPLICATE_METHOD_MATCH = YES;
				COPY_PHASE_STRIP = NO;
				DEBUG_INFORMATION_FORMAT = dwarf;
				ENABLE_STRICT_OBJC_MSGSEND = YES;
				ENABLE_TESTABILITY = YES;
				ENABLE_USER_SCRIPT_SANDBOXING = YES;
				GCC_C_LANGUAGE_STANDARD = gnu17;
				GCC_DYNAMIC_NO_PIC = NO;
				GCC_NO_COMMON_BLOCKS = YES;
				GCC_OPTIMIZATION_LEVEL = 0;
				GCC_PREPROCESSOR_DEFINITIONS = (
					"DEBUG=1",
					"$(inherited)",
				);
				GCC_WARN_64_TO_32_BIT_CONVERSION = YES;
				GCC_WARN_ABOUT_RETURN_TYPE = YES_ERROR;
				GCC_WARN_UNDECLARED_SELECTOR = YES;
				GCC_WARN_UNINITIALIZED_AUTOS = YES_AGGRESSIVE;
				GCC_WARN_UNUSED_FUNCTION = YES;
				GCC_WARN_UNUSED_VARIABLE = YES;
				IPHONEOS_DEPLOYMENT_TARGET = 17.2;
				LOCALIZATION_PREFERS_STRING_CATALOGS = YES;
				MTL_ENABLE_DEBUG_INFO = INCLUDE_SOURCE;
				MTL_FAST_MATH = YES;
				ONLY_ACTIVE_ARCH = YES;
				SDKROOT = iphoneos;
				SWIFT_ACTIVE_COMPILATION_CONDITIONS = "DEBUG $(inherited)";
				SWIFT_OPTIMIZATION_LEVEL = "-Onone";
			};
			name = Debug;
		};
		A923136B2BFBDC0900528706 /* Release */ = {
			isa = XCBuildConfiguration;
			buildSettings = {
				ALWAYS_SEARCH_USER_PATHS = NO;
				ASSETCATALOG_COMPILER_GENERATE_SWIFT_ASSET_SYMBOL_EXTENSIONS = YES;
				CLANG_ANALYZER_NONNULL = YES;
				CLANG_ANALYZER_NUMBER_OBJECT_CONVERSION = YES_AGGRESSIVE;
				CLANG_CXX_LANGUAGE_STANDARD = "gnu++20";
				CLANG_ENABLE_MODULES = YES;
				CLANG_ENABLE_OBJC_ARC = YES;
				CLANG_ENABLE_OBJC_WEAK = YES;
				CLANG_WARN_BLOCK_CAPTURE_AUTORELEASING = YES;
				CLANG_WARN_BOOL_CONVERSION = YES;
				CLANG_WARN_COMMA = YES;
				CLANG_WARN_CONSTANT_CONVERSION = YES;
				CLANG_WARN_DEPRECATED_OBJC_IMPLEMENTATIONS = YES;
				CLANG_WARN_DIRECT_OBJC_ISA_USAGE = YES_ERROR;
				CLANG_WARN_DOCUMENTATION_COMMENTS = YES;
				CLANG_WARN_EMPTY_BODY = YES;
				CLANG_WARN_ENUM_CONVERSION = YES;
				CLANG_WARN_INFINITE_RECURSION = YES;
				CLANG_WARN_INT_CONVERSION = YES;
				CLANG_WARN_NON_LITERAL_NULL_CONVERSION = YES;
				CLANG_WARN_OBJC_IMPLICIT_RETAIN_SELF = YES;
				CLANG_WARN_OBJC_LITERAL_CONVERSION = YES;
				CLANG_WARN_OBJC_ROOT_CLASS = YES_ERROR;
				CLANG_WARN_QUOTED_INCLUDE_IN_FRAMEWORK_HEADER = YES;
				CLANG_WARN_RANGE_LOOP_ANALYSIS = YES;
				CLANG_WARN_STRICT_PROTOTYPES = YES;
				CLANG_WARN_SUSPICIOUS_MOVE = YES;
				CLANG_WARN_UNGUARDED_AVAILABILITY = YES_AGGRESSIVE;
				CLANG_WARN_UNREACHABLE_CODE = YES;
				CLANG_WARN__DUPLICATE_METHOD_MATCH = YES;
				COPY_PHASE_STRIP = NO;
				DEBUG_INFORMATION_FORMAT = "dwarf-with-dsym";
				ENABLE_NS_ASSERTIONS = NO;
				ENABLE_STRICT_OBJC_MSGSEND = YES;
				ENABLE_USER_SCRIPT_SANDBOXING = YES;
				GCC_C_LANGUAGE_STANDARD = gnu17;
				GCC_NO_COMMON_BLOCKS = YES;
				GCC_WARN_64_TO_32_BIT_CONVERSION = YES;
				GCC_WARN_ABOUT_RETURN_TYPE = YES_ERROR;
				GCC_WARN_UNDECLARED_SELECTOR = YES;
				GCC_WARN_UNINITIALIZED_AUTOS = YES_AGGRESSIVE;
				GCC_WARN_UNUSED_FUNCTION = YES;
				GCC_WARN_UNUSED_VARIABLE = YES;
				IPHONEOS_DEPLOYMENT_TARGET = 17.2;
				LOCALIZATION_PREFERS_STRING_CATALOGS = YES;
				MTL_ENABLE_DEBUG_INFO = NO;
				MTL_FAST_MATH = YES;
				SDKROOT = iphoneos;
				SWIFT_COMPILATION_MODE = wholemodule;
				VALIDATE_PRODUCT = YES;
			};
			name = Release;
		};
		A923136D2BFBDC0900528706 /* Debug */ = {
			isa = XCBuildConfiguration;
			buildSettings = {
				ASSETCATALOG_COMPILER_APPICON_NAME = AppIcon;
				ASSETCATALOG_COMPILER_GLOBAL_ACCENT_COLOR_NAME = AccentColor;
				CODE_SIGN_STYLE = Automatic;
				CURRENT_PROJECT_VERSION = 1;
				DEVELOPMENT_ASSET_PATHS = "\"TaskManager/SupportingFiles/Preview Content\"";
				DEVELOPMENT_TEAM = CY87MBJTCB;
				ENABLE_PREVIEWS = YES;
				GENERATE_INFOPLIST_FILE = YES;
				INFOPLIST_KEY_UIApplicationSceneManifest_Generation = YES;
				INFOPLIST_KEY_UIApplicationSupportsIndirectInputEvents = YES;
				INFOPLIST_KEY_UILaunchScreen_Generation = YES;
				INFOPLIST_KEY_UILaunchStoryboardName = LaunchScreen;
				INFOPLIST_KEY_UISupportedInterfaceOrientations_iPad = "UIInterfaceOrientationPortrait UIInterfaceOrientationPortraitUpsideDown UIInterfaceOrientationLandscapeLeft UIInterfaceOrientationLandscapeRight";
				INFOPLIST_KEY_UISupportedInterfaceOrientations_iPhone = "UIInterfaceOrientationPortrait UIInterfaceOrientationLandscapeLeft UIInterfaceOrientationLandscapeRight";
				IPHONEOS_DEPLOYMENT_TARGET = 17.0;
				LD_RUNPATH_SEARCH_PATHS = (
					"$(inherited)",
					"@executable_path/Frameworks",
				);
				MARKETING_VERSION = 1.0;
				PRODUCT_BUNDLE_IDENTIFIER = irklch.TaskManager;
				PRODUCT_NAME = "$(TARGET_NAME)";
				SWIFT_EMIT_LOC_STRINGS = YES;
				SWIFT_VERSION = 5.0;
				TARGETED_DEVICE_FAMILY = "1,2";
			};
			name = Debug;
		};
		A923136E2BFBDC0900528706 /* Release */ = {
			isa = XCBuildConfiguration;
			buildSettings = {
				ASSETCATALOG_COMPILER_APPICON_NAME = AppIcon;
				ASSETCATALOG_COMPILER_GLOBAL_ACCENT_COLOR_NAME = AccentColor;
				CODE_SIGN_STYLE = Automatic;
				CURRENT_PROJECT_VERSION = 1;
				DEVELOPMENT_ASSET_PATHS = "\"TaskManager/SupportingFiles/Preview Content\"";
				DEVELOPMENT_TEAM = CY87MBJTCB;
				ENABLE_PREVIEWS = YES;
				GENERATE_INFOPLIST_FILE = YES;
				INFOPLIST_KEY_UIApplicationSceneManifest_Generation = YES;
				INFOPLIST_KEY_UIApplicationSupportsIndirectInputEvents = YES;
				INFOPLIST_KEY_UILaunchScreen_Generation = YES;
				INFOPLIST_KEY_UILaunchStoryboardName = LaunchScreen;
				INFOPLIST_KEY_UISupportedInterfaceOrientations_iPad = "UIInterfaceOrientationPortrait UIInterfaceOrientationPortraitUpsideDown UIInterfaceOrientationLandscapeLeft UIInterfaceOrientationLandscapeRight";
				INFOPLIST_KEY_UISupportedInterfaceOrientations_iPhone = "UIInterfaceOrientationPortrait UIInterfaceOrientationLandscapeLeft UIInterfaceOrientationLandscapeRight";
				IPHONEOS_DEPLOYMENT_TARGET = 17.0;
				LD_RUNPATH_SEARCH_PATHS = (
					"$(inherited)",
					"@executable_path/Frameworks",
				);
				MARKETING_VERSION = 1.0;
				PRODUCT_BUNDLE_IDENTIFIER = irklch.TaskManager;
				PRODUCT_NAME = "$(TARGET_NAME)";
				SWIFT_EMIT_LOC_STRINGS = YES;
				SWIFT_VERSION = 5.0;
				TARGETED_DEVICE_FAMILY = "1,2";
			};
			name = Release;
		};
/* End XCBuildConfiguration section */

/* Begin XCConfigurationList section */
		A92313542BFBDC0700528706 /* Build configuration list for PBXProject "TaskManager" */ = {
			isa = XCConfigurationList;
			buildConfigurations = (
				A923136A2BFBDC0900528706 /* Debug */,
				A923136B2BFBDC0900528706 /* Release */,
			);
			defaultConfigurationIsVisible = 0;
			defaultConfigurationName = Release;
		};
		A923136C2BFBDC0900528706 /* Build configuration list for PBXNativeTarget "TaskManager" */ = {
			isa = XCConfigurationList;
			buildConfigurations = (
				A923136D2BFBDC0900528706 /* Debug */,
				A923136E2BFBDC0900528706 /* Release */,
			);
			defaultConfigurationIsVisible = 0;
			defaultConfigurationName = Release;
		};
/* End XCConfigurationList section */

/* Begin XCVersionGroup section */
		A92313672BFBDC0900528706 /* TaskManager.xcdatamodeld */ = {
			isa = XCVersionGroup;
			children = (
				A92313682BFBDC0900528706 /* TaskManager.xcdatamodel */,
			);
			currentVersion = A92313682BFBDC0900528706 /* TaskManager.xcdatamodel */;
			path = TaskManager.xcdatamodeld;
			sourceTree = "<group>";
			versionGroupType = wrapper.xcdatamodel;
		};
/* End XCVersionGroup section */
	};
	rootObject = A92313512BFBDC0700528706 /* Project object */;
}
